
Microsoft Visual Studio Solution File, Format Version 12.00
# Visual Studio Version 17
VisualStudioVersion = 17.4.33110.190
MinimumVisualStudioVersion = 10.0.40219.1
Project("{9A19103F-16F7-4668-BE54-9A1E7A4F7556}") = "RealmRPG", "src\RealmRPG\RealmRPG.csproj", "{7CE90701-2769-4A04-B0E9-23F03ED59164}"
EndProject
Project("{9A19103F-16F7-4668-BE54-9A1E7A4F7556}") = "RealmRPG.ConsoleUtilities", "src\RealmRPG.ConsoleUtilities\RealmRPG.ConsoleUtilities.csproj", "{63DF1508-15BB-40BA-B9A1-7AE02CD95B8C}"
EndProject
Global
	GlobalSection(SolutionConfigurationPlatforms) = preSolution
		Debug|Any CPU = Debug|Any CPU
		Release|Any CPU = Release|Any CPU
	EndGlobalSection
	GlobalSection(ProjectConfigurationPlatforms) = postSolution
		{7CE90701-2769-4A04-B0E9-23F03ED59164}.Debug|Any CPU.ActiveCfg = Debug|Any CPU
		{7CE90701-2769-4A04-B0E9-23F03ED59164}.Debug|Any CPU.Build.0 = Debug|Any CPU
		{7CE90701-2769-4A04-B0E9-23F03ED59164}.Release|Any CPU.ActiveCfg = Release|Any CPU
		{7CE90701-2769-4A04-B0E9-23F03ED59164}.Release|Any CPU.Build.0 = Release|Any CPU
		{63DF1508-15BB-40BA-B9A1-7AE02CD95B8C}.Debug|Any CPU.ActiveCfg = Debug|Any CPU
		{63DF1508-15BB-40BA-B9A1-7AE02CD95B8C}.Debug|Any CPU.Build.0 = Debug|Any CPU
		{63DF1508-15BB-40BA-B9A1-7AE02CD95B8C}.Release|Any CPU.ActiveCfg = Release|Any CPU
		{63DF1508-15BB-40BA-B9A1-7AE02CD95B8C}.Release|Any CPU.Build.0 = Release|Any CPU
	EndGlobalSection
	GlobalSection(SolutionProperties) = preSolution
		HideSolutionNode = FALSE
	EndGlobalSection
	GlobalSection(ExtensibilityGlobals) = postSolution
		SolutionGuid = {533297E9-F2DC-433E-989B-56F0E79F7C63}
	EndGlobalSection
EndGlobal
